// !$*UTF8*$!
{
	archiveVersion = 1;
	classes = {
	};
	objectVersion = 46;
	objects = {

/* Begin PBXAggregateTarget section */
		60744A5C1E0E0BF849336543 /* Qt Preprocess */ = {
			isa = PBXAggregateTarget;
			buildConfigurationList = 6CC3B5D2136C7CD6A5CF5A59 /* Build configuration list for PBXNativeTarget "displayWords" */;
			buildPhases = (
				5E618435888B9D49F8540165 /* Qt Qmake */,
				7EF0942E79C014DCEC8976BC /* Qt Preprocessors */,
			);
			dependencies = (
			);
			name = "Qt Preprocess";
			productName = "Qt Preprocess";
		};
/* End PBXAggregateTarget section */

/* Begin PBXBuildFile section */
		08E20CDF868AD7632DE21A96 /* myo.framework in Link Binary With Libraries */ = {isa = PBXBuildFile; fileRef = 4DE98F7BE7C76B998205CC8E /* myo.framework */; };
		09C7B5814049B32BA51D5F3A /* dummy.cpp in Compile Sources */ = {isa = PBXBuildFile; fileRef = CCA72C3C998BAC7E091A4F1F /* dummy.cpp */; settings = {ATTRIBUTES = (); }; };
		2EB43F12DBC1A4509584B892 /* QtCore.framework in Link Binary With Libraries */ = {isa = PBXBuildFile; fileRef = A869B9EDE502BD2D3EABF9EB /* QtCore.framework */; };
		86A248FA701C0FAA5235253D /* QtWidgets.framework in Link Binary With Libraries */ = {isa = PBXBuildFile; fileRef = FD63D9B97FE6C2646FC54D4C /* QtWidgets.framework */; };
		8771A8C96E9C391044035D99 /* OpenGL.framework in Link Binary With Libraries */ = {isa = PBXBuildFile; fileRef = D4B32C2222F82AC56BADEB21 /* OpenGL.framework */; };
		8D267F2E4776F0ECA2F49DC8 /* IOKit.framework in Link Binary With Libraries */ = {isa = PBXBuildFile; fileRef = A1A67BEAA744704B29168D39 /* IOKit.framework */; };
		943DD5799003F74D2E3DED46 /* moc_displaywords.cpp in Compile Sources */ = {isa = PBXBuildFile; fileRef = CF62B2A403C22D40FD7338B4 /* moc_displaywords.cpp */; settings = {ATTRIBUTES = (); }; };
		A33E09BE4509EF18F085FF51 /* main.cpp in Compile Sources */ = {isa = PBXBuildFile; fileRef = B78C9063DC178DB2C608CA52 /* main.cpp */; settings = {ATTRIBUTES = (); }; };
		A55470171E816F85004E5451 /* libgrt.a in Link Binary With Libraries */ = {isa = PBXBuildFile; fileRef = A55470161E816F85004E5451 /* libgrt.a */; };
		A99B2AA0F9CBBDD12BA126A4 /* DiskArbitration.framework in Link Binary With Libraries */ = {isa = PBXBuildFile; fileRef = 2B774D8E4178765CE52EAAF5 /* DiskArbitration.framework */; };
		E45E51A644D5FC9F942ECE55 /* AGL.framework in Link Binary With Libraries */ = {isa = PBXBuildFile; fileRef = 8D9815BDB5BD9F90D2BC05C5 /* AGL.framework */; };
		E78F5CDD02A550260B16B04C /* QtGui.framework in Link Binary With Libraries */ = {isa = PBXBuildFile; fileRef = 715D1E5C41476D4AE8478ABC /* QtGui.framework */; };
		FF1AF581E227FD4A56ACFBE9 /* displaywords.cpp in Compile Sources */ = {isa = PBXBuildFile; fileRef = A37F429434031E8A2633353B /* displaywords.cpp */; settings = {ATTRIBUTES = (); }; };
/* End PBXBuildFile section */

/* Begin PBXContainerItemProxy section */
		A55470151E816D88004E5451 /* PBXContainerItemProxy */ = {
			isa = PBXContainerItemProxy;
			containerPortal = 6DB9C3763D02B1415CD9D565 /* Project object */;
			proxyType = 1;
			remoteGlobalIDString = 60744A5C1E0E0BF849336543;
			remoteInfo = "Qt Preprocess";
		};
/* End PBXContainerItemProxy section */

/* Begin PBXFileReference section */
		0FAE0853FAB2A295C556B96E /* ui_displaywords.h */ = {isa = PBXFileReference; lastKnownFileType = sourcecode.c.h; name = ui_displaywords.h; path = "/Users/aacosta/Documents/seniordesign/sd-2017-asl-keyword-to-sentence/displayWords/displayWords/ui_displaywords.h"; sourceTree = "<absolute>"; };
		2B774D8E4178765CE52EAAF5 /* DiskArbitration.framework */ = {isa = PBXFileReference; lastKnownFileType = wrapper.framework; name = DiskArbitration.framework; path = /System/Library/Frameworks/DiskArbitration.framework; sourceTree = "<absolute>"; };
		39F86991734FB83FDB962FEB /* displayWords.app */ = {isa = PBXFileReference; explicitFileType = wrapper.application; includeInIndex = 0; path = displayWords.app; sourceTree = BUILT_PRODUCTS_DIR; };
		4DE98F7BE7C76B998205CC8E /* myo.framework */ = {isa = PBXFileReference; lastKnownFileType = wrapper.framework; name = myo.framework; path = "/Users/aacosta/Documents/seniordesign/sd-2017-asl-keyword-to-sentence/myo.framework"; sourceTree = "<absolute>"; };
		6AC73324C806E3047FDF606A /* displayWords.pro */ = {isa = PBXFileReference; lastKnownFileType = text; name = displayWords.pro; path = "/Users/aacosta/Documents/seniordesign/sd-2017-asl-keyword-to-sentence/displayWords/displayWords/displayWords.pro"; sourceTree = "<absolute>"; };
		715D1E5C41476D4AE8478ABC /* QtGui.framework */ = {isa = PBXFileReference; lastKnownFileType = wrapper.framework; name = QtGui.framework; path = /Users/aacosta/Documents/Qt/5.8/clang_64/lib/QtGui.framework; sourceTree = "<absolute>"; };
		7692A3447327772B499AB079 /* displaywords.h */ = {isa = PBXFileReference; lastKnownFileType = sourcecode.c.h; name = displaywords.h; path = "/Users/aacosta/Documents/seniordesign/sd-2017-asl-keyword-to-sentence/displayWords/displayWords/displaywords.h"; sourceTree = "<absolute>"; };
		8D9815BDB5BD9F90D2BC05C5 /* AGL.framework */ = {isa = PBXFileReference; lastKnownFileType = wrapper.framework; name = AGL.framework; path = /System/Library/Frameworks/AGL.framework; sourceTree = "<absolute>"; };
		A1A67BEAA744704B29168D39 /* IOKit.framework */ = {isa = PBXFileReference; lastKnownFileType = wrapper.framework; name = IOKit.framework; path = /System/Library/Frameworks/IOKit.framework; sourceTree = "<absolute>"; };
		A37F429434031E8A2633353B /* displaywords.cpp */ = {isa = PBXFileReference; lastKnownFileType = sourcecode.cpp.cpp; name = displaywords.cpp; path = "/Users/aacosta/Documents/seniordesign/sd-2017-asl-keyword-to-sentence/displayWords/displayWords/displaywords.cpp"; sourceTree = "<absolute>"; };
		A55470161E816F85004E5451 /* libgrt.a */ = {isa = PBXFileReference; lastKnownFileType = archive.ar; name = libgrt.a; path = "../../grt-master/build/tmp/libgrt.a"; sourceTree = "<group>"; };
		A670F79F8DAD6D2400F11317 /* displaywords.ui */ = {isa = PBXFileReference; lastKnownFileType = text.xml; name = displaywords.ui; path = "/Users/aacosta/Documents/seniordesign/sd-2017-asl-keyword-to-sentence/displayWords/displayWords/displaywords.ui"; sourceTree = "<absolute>"; };
		A869B9EDE502BD2D3EABF9EB /* QtCore.framework */ = {isa = PBXFileReference; lastKnownFileType = wrapper.framework; name = QtCore.framework; path = /Users/aacosta/Documents/Qt/5.8/clang_64/lib/QtCore.framework; sourceTree = "<absolute>"; };
		B78C9063DC178DB2C608CA52 /* main.cpp */ = {isa = PBXFileReference; lastKnownFileType = sourcecode.cpp.cpp; name = main.cpp; path = "/Users/aacosta/Documents/seniordesign/sd-2017-asl-keyword-to-sentence/displayWords/displayWords/main.cpp"; sourceTree = "<absolute>"; };
		BB1E291BEA53F6A12DFF433E /* gesturelistener.h */ = {isa = PBXFileReference; lastKnownFileType = sourcecode.c.h; name = gesturelistener.h; path = "/Users/aacosta/Documents/seniordesign/sd-2017-asl-keyword-to-sentence/gesturelistener.h"; sourceTree = "<absolute>"; };
		CCA72C3C998BAC7E091A4F1F /* dummy.cpp */ = {isa = PBXFileReference; lastKnownFileType = sourcecode.cpp.cpp; name = dummy.cpp; path = /Users/aacosta/Documents/Qt/5.8/clang_64/mkspecs/features/data/dummy.cpp; sourceTree = "<absolute>"; };
		CF62B2A403C22D40FD7338B4 /* moc_displaywords.cpp */ = {isa = PBXFileReference; lastKnownFileType = sourcecode.cpp.cpp; name = moc_displaywords.cpp; path = "/Users/aacosta/Documents/seniordesign/sd-2017-asl-keyword-to-sentence/displayWords/displayWords/moc_displaywords.cpp"; sourceTree = "<absolute>"; };
		D4B32C2222F82AC56BADEB21 /* OpenGL.framework */ = {isa = PBXFileReference; lastKnownFileType = wrapper.framework; name = OpenGL.framework; path = /System/Library/Frameworks/OpenGL.framework; sourceTree = "<absolute>"; };
		FD63D9B97FE6C2646FC54D4C /* QtWidgets.framework */ = {isa = PBXFileReference; lastKnownFileType = wrapper.framework; name = QtWidgets.framework; path = /Users/aacosta/Documents/Qt/5.8/clang_64/lib/QtWidgets.framework; sourceTree = "<absolute>"; };
/* End PBXFileReference section */

/* Begin PBXFrameworksBuildPhase section */
		D1C883685E82D5676953459A /* Link Binary With Libraries */ = {
			isa = PBXFrameworksBuildPhase;
			buildActionMask = 2147483647;
			files = (
				A55470171E816F85004E5451 /* libgrt.a in Link Binary With Libraries */,
				08E20CDF868AD7632DE21A96 /* myo.framework in Link Binary With Libraries */,
				86A248FA701C0FAA5235253D /* QtWidgets.framework in Link Binary With Libraries */,
				E78F5CDD02A550260B16B04C /* QtGui.framework in Link Binary With Libraries */,
				2EB43F12DBC1A4509584B892 /* QtCore.framework in Link Binary With Libraries */,
				A99B2AA0F9CBBDD12BA126A4 /* DiskArbitration.framework in Link Binary With Libraries */,
				8D267F2E4776F0ECA2F49DC8 /* IOKit.framework in Link Binary With Libraries */,
				8771A8C96E9C391044035D99 /* OpenGL.framework in Link Binary With Libraries */,
				E45E51A644D5FC9F942ECE55 /* AGL.framework in Link Binary With Libraries */,
			);
			name = "Link Binary With Libraries";
			runOnlyForDeploymentPostprocessing = 0;
		};
/* End PBXFrameworksBuildPhase section */

/* Begin PBXGroup section */
		12E908B8A1C3C07C115504F5 /* Sources [uic] */ = {
			isa = PBXGroup;
			children = (
				A670F79F8DAD6D2400F11317 /* displaywords.ui */,
			);
			name = "Sources [uic]";
			sourceTree = "<group>";
		};
		25B08E2869634E9BCBA333A2 /* Generated Sources */ = {
			isa = PBXGroup;
			children = (
				CF62B2A403C22D40FD7338B4 /* moc_displaywords.cpp */,
				0FAE0853FAB2A295C556B96E /* ui_displaywords.h */,
			);
			name = "Generated Sources";
			sourceTree = "<group>";
		};
		2EB56BE3C2D93CDAB0C52E67 /* Sources */ = {
			isa = PBXGroup;
			children = (
				B78C9063DC178DB2C608CA52 /* main.cpp */,
				A37F429434031E8A2633353B /* displaywords.cpp */,
				7692A3447327772B499AB079 /* displaywords.h */,
				BB1E291BEA53F6A12DFF433E /* gesturelistener.h */,
			);
			name = Sources;
			sourceTree = "<group>";
		};
		74B182DB50CB5611B5C1C297 /* Supporting Files */ = {
			isa = PBXGroup;
			children = (
				6AC73324C806E3047FDF606A /* displayWords.pro */,
			);
			name = "Supporting Files";
			sourceTree = "<group>";
		};
		AF39DD055C3EF8226FBE929D /* Frameworks */ = {
			isa = PBXGroup;
			children = (
				A55470161E816F85004E5451 /* libgrt.a */,
				4DE98F7BE7C76B998205CC8E /* myo.framework */,
				FD63D9B97FE6C2646FC54D4C /* QtWidgets.framework */,
				715D1E5C41476D4AE8478ABC /* QtGui.framework */,
				A869B9EDE502BD2D3EABF9EB /* QtCore.framework */,
				2B774D8E4178765CE52EAAF5 /* DiskArbitration.framework */,
				A1A67BEAA744704B29168D39 /* IOKit.framework */,
				D4B32C2222F82AC56BADEB21 /* OpenGL.framework */,
				8D9815BDB5BD9F90D2BC05C5 /* AGL.framework */,
			);
			name = Frameworks;
			sourceTree = "<group>";
		};
		B8254625CFD509ED2A24A166 /* Sources [moc_predefs] */ = {
			isa = PBXGroup;
			children = (
				CCA72C3C998BAC7E091A4F1F /* dummy.cpp */,
			);
			name = "Sources [moc_predefs]";
			sourceTree = "<group>";
		};
		E8C543AB96796ECAA2E65C57 /* displayWords */ = {
			isa = PBXGroup;
			children = (
				2EB56BE3C2D93CDAB0C52E67 /* Sources */,
				25B08E2869634E9BCBA333A2 /* Generated Sources */,
				74B182DB50CB5611B5C1C297 /* Supporting Files */,
				B8254625CFD509ED2A24A166 /* Sources [moc_predefs] */,
				12E908B8A1C3C07C115504F5 /* Sources [uic] */,
				AF39DD055C3EF8226FBE929D /* Frameworks */,
				FE0A091FDBFB3E9C31B7A1BD /* Products */,
			);
			name = displayWords;
			sourceTree = "<group>";
		};
		FE0A091FDBFB3E9C31B7A1BD /* Products */ = {
			isa = PBXGroup;
			children = (
				39F86991734FB83FDB962FEB /* displayWords.app */,
			);
			name = Products;
			sourceTree = "<group>";
		};
/* End PBXGroup section */

/* Begin PBXNativeTarget section */
		DB44896CC2B494D0BDE13817 /* displayWords */ = {
			isa = PBXNativeTarget;
			buildConfigurationList = 6CC3B5D2136C7CD6A5CF5A59 /* Build configuration list for PBXNativeTarget "displayWords" */;
			buildPhases = (
				F7E50F631C51CD5B5DC0BC43 /* Compile Sources */,
				D1C883685E82D5676953459A /* Link Binary With Libraries */,
				30414803F31797EB689AE508 /* Copy Bundle Resources */,
			);
			buildRules = (
			);
			dependencies = (
				FFD8FFA1721D9CCD55751091 /* PBXTargetDependency */,
			);
			name = displayWords;
			productName = displayWords;
			productReference = 39F86991734FB83FDB962FEB /* displayWords.app */;
			productType = "com.apple.product-type.application";
		};
/* End PBXNativeTarget section */

/* Begin PBXProject section */
		6DB9C3763D02B1415CD9D565 /* Project object */ = {
			isa = PBXProject;
			attributes = {
				TargetAttributes = {
					60744A5C1E0E0BF849336543 = {
						DevelopmentTeam = TA6EQ6GQYY;
					};
					DB44896CC2B494D0BDE13817 = {
						DevelopmentTeam = TA6EQ6GQYY;
					};
				};
			};
			buildConfigurationList = DAC4C1AA5EDEA1C85E9CA5E6 /* Build configuration list for PBXProject "displayWords" */;
			compatibilityVersion = "Xcode 3.2";
			developmentRegion = English;
			hasScannedForEncodings = 1;
			knownRegions = (
				en,
			);
			mainGroup = E8C543AB96796ECAA2E65C57 /* displayWords */;
			productRefGroup = FE0A091FDBFB3E9C31B7A1BD /* Products */;
			projectDirPath = "";
			projectRoot = "";
			targets = (
				DB44896CC2B494D0BDE13817 /* displayWords */,
				60744A5C1E0E0BF849336543 /* Qt Preprocess */,
			);
		};
/* End PBXProject section */

/* Begin PBXResourcesBuildPhase section */
		30414803F31797EB689AE508 /* Copy Bundle Resources */ = {
			isa = PBXResourcesBuildPhase;
			buildActionMask = 2147483647;
			files = (
			);
			name = "Copy Bundle Resources";
			runOnlyForDeploymentPostprocessing = 0;
		};
/* End PBXResourcesBuildPhase section */

/* Begin PBXShellScriptBuildPhase section */
		5E618435888B9D49F8540165 /* Qt Qmake */ = {
			isa = PBXShellScriptBuildPhase;
			buildActionMask = 2147483647;
			files = (
			);
			name = "Qt Qmake";
			runOnlyForDeploymentPostprocessing = 0;
			shellPath = /bin/sh;
			shellScript = "make -C /Users/aacosta/Documents/seniordesign/sd-2017-asl-keyword-to-sentence/displayWords/displayWords/ -f displayWords.xcodeproj/qt_makeqmake.mak";
			showEnvVarsInLog = 0;
		};
		7EF0942E79C014DCEC8976BC /* Qt Preprocessors */ = {
			isa = PBXShellScriptBuildPhase;
			buildActionMask = 2147483647;
			files = (
			);
			name = "Qt Preprocessors";
			runOnlyForDeploymentPostprocessing = 0;
			shellPath = /bin/sh;
			shellScript = "make -C /Users/aacosta/Documents/seniordesign/sd-2017-asl-keyword-to-sentence/displayWords/displayWords/ -f displayWords.xcodeproj/qt_preprocess.mak";
			showEnvVarsInLog = 0;
		};
/* End PBXShellScriptBuildPhase section */

/* Begin PBXSourcesBuildPhase section */
		F7E50F631C51CD5B5DC0BC43 /* Compile Sources */ = {
			isa = PBXSourcesBuildPhase;
			buildActionMask = 2147483647;
			files = (
				A33E09BE4509EF18F085FF51 /* main.cpp in Compile Sources */,
				FF1AF581E227FD4A56ACFBE9 /* displaywords.cpp in Compile Sources */,
				943DD5799003F74D2E3DED46 /* moc_displaywords.cpp in Compile Sources */,
				09C7B5814049B32BA51D5F3A /* dummy.cpp in Compile Sources */,
			);
			name = "Compile Sources";
			runOnlyForDeploymentPostprocessing = 0;
		};
/* End PBXSourcesBuildPhase section */

/* Begin PBXTargetDependency section */
		FFD8FFA1721D9CCD55751091 /* PBXTargetDependency */ = {
			isa = PBXTargetDependency;
			target = 60744A5C1E0E0BF849336543 /* Qt Preprocess */;
			targetProxy = A55470151E816D88004E5451 /* PBXContainerItemProxy */;
		};
/* End PBXTargetDependency section */

/* Begin XCBuildConfiguration section */
		339EE1B2CC4FC24589A0EA95 /* Release */ = {
			isa = XCBuildConfiguration;
			buildSettings = {
				ARCHS = x86_64;
				CC = /Applications/Xcode.app/Contents/Developer/Toolchains/XcodeDefault.xctoolchain/usr/bin/clang;
				COPY_PHASE_STRIP = YES;
				DEVELOPMENT_TEAM = TA6EQ6GQYY;
				DYLIB_COMPATIBILITY_VERSION = 1.0;
				DYLIB_CURRENT_VERSION = 1.0.0;
				ENABLE_BITCODE = NO;
				FRAMEWORK_SEARCH_PATHS = (
					/Users/aacosta/Documents/Qt/5.8/clang_64/lib,
					/Users/aacosta/Documents/Qt/5.8/clang_64/lib,
					"/Users/aacosta/Documents/seniordesign/sd-2017-asl-keyword-to-sentence/displayWords/displayWords/../../",
				);
				GCC_GENERATE_DEBUGGING_SYMBOLS = NO;
				GCC_VERSION = com.apple.compilers.llvm.clang.1_0;
				HEADER_SEARCH_PATHS = (
					.,
					../../../../Qt/5.8/clang_64/lib/QtWidgets.framework/Headers,
					../../../../Qt/5.8/clang_64/lib/QtGui.framework/Headers,
					../../../../Qt/5.8/clang_64/lib/QtCore.framework/Headers,
					.,
					/Applications/Xcode.app/Contents/Developer/Platforms/MacOSX.platform/Developer/SDKs/MacOSX10.12.sdk/System/Library/Frameworks/OpenGL.framework/Headers,
					/Applications/Xcode.app/Contents/Developer/Platforms/MacOSX.platform/Developer/SDKs/MacOSX10.12.sdk/System/Library/Frameworks/AGL.framework/Headers,
					.,
					"../../../../Qt/5.8/clang_64/mkspecs/macx-clang",
				);
				INFOPLIST_FILE = Info.plist;
				LDPLUSPLUS = "/Applications/Xcode.app/Contents/Developer/Toolchains/XcodeDefault.xctoolchain/usr/bin/clang++";
				LIBRARY_SEARCH_PATHS = (
					"/Users/aacosta/Documents/seniordesign/sd-2017-asl-keyword-to-sentence/",
					/Users/aacosta/Documents/Qt/5.8/clang_64/lib,
					/System/Library/Frameworks/,
				);
				MACOSX_DEPLOYMENT_TARGET = 10.9;
				OTHER_CFLAGS = (
					"-pipe",
					"-O2",
					"-Wall",
					"-W",
					"-fPIC",
					"-DQT_DEPRECATED_WARNINGS",
					"-DQT_NO_DEBUG",
					"-DQT_WIDGETS_LIB",
					"-DQT_GUI_LIB",
					"-DQT_CORE_LIB",
				);
				OTHER_CPLUSPLUSFLAGS = (
					"-pipe",
					"-stdlib=libc++",
					"-O2",
					"-std=gnu++11",
					"-Wall",
					"-W",
					"-fPIC",
					"-DQT_DEPRECATED_WARNINGS",
					"-DQT_NO_DEBUG",
					"-DQT_WIDGETS_LIB",
					"-DQT_GUI_LIB",
					"-DQT_CORE_LIB",
				);
				OTHER_LDFLAGS = (
					"-headerpad_max_install_names",
					"-stdlib=libc++",
					"-Wl,-rpath,/Users/aacosta/Documents/Qt/5.8/clang_64/lib",
					"-F/Users/aacosta/Documents/Qt/5.8/clang_64/lib",
					"-F/Users/aacosta/Documents/seniordesign/sd-2017-asl-keyword-to-sentence/displayWords/displayWords/../../",
				);
				PRODUCT_NAME = displayWords;
				QT_LIBRARY_SUFFIX = "";
				SDKROOT = macosx;
				SYMROOT = "/Users/aacosta/Documents/seniordesign/sd-2017-asl-keyword-to-sentence/displayWords/displayWords/";
			};
			name = Release;
		};
		3AA6C32AC930069E80220CF1 /* Debug */ = {
			isa = XCBuildConfiguration;
			buildSettings = {
				ARCHS = x86_64;
				CC = /Applications/Xcode.app/Contents/Developer/Toolchains/XcodeDefault.xctoolchain/usr/bin/clang;
				COPY_PHASE_STRIP = NO;
				DEVELOPMENT_TEAM = TA6EQ6GQYY;
				DYLIB_COMPATIBILITY_VERSION = 1.0;
				DYLIB_CURRENT_VERSION = 1.0.0;
				ENABLE_BITCODE = NO;
				FRAMEWORK_SEARCH_PATHS = (
					/Users/aacosta/Documents/Qt/5.8/clang_64/lib,
					/Users/aacosta/Documents/Qt/5.8/clang_64/lib,
					"/Users/aacosta/Documents/seniordesign/sd-2017-asl-keyword-to-sentence/displayWords/displayWords/../../",
				);
				GCC_GENERATE_DEBUGGING_SYMBOLS = YES;
				GCC_OPTIMIZATION_LEVEL = 0;
				GCC_VERSION = com.apple.compilers.llvm.clang.1_0;
				HEADER_SEARCH_PATHS = (
					.,
					../../../../Qt/5.8/clang_64/lib/QtWidgets.framework/Headers,
					../../../../Qt/5.8/clang_64/lib/QtGui.framework/Headers,
					../../../../Qt/5.8/clang_64/lib/QtCore.framework/Headers,
					.,
					/Applications/Xcode.app/Contents/Developer/Platforms/MacOSX.platform/Developer/SDKs/MacOSX10.12.sdk/System/Library/Frameworks/OpenGL.framework/Headers,
					/Applications/Xcode.app/Contents/Developer/Platforms/MacOSX.platform/Developer/SDKs/MacOSX10.12.sdk/System/Library/Frameworks/AGL.framework/Headers,
					.,
					"../../../../Qt/5.8/clang_64/mkspecs/macx-clang",
				);
				INFOPLIST_FILE = Info.plist;
				LDPLUSPLUS = "/Applications/Xcode.app/Contents/Developer/Toolchains/XcodeDefault.xctoolchain/usr/bin/clang++";
				LIBRARY_SEARCH_PATHS = (
					"/Users/aacosta/Documents/seniordesign/sd-2017-asl-keyword-to-sentence/",
					/Users/aacosta/Documents/Qt/5.8/clang_64/lib,
					/System/Library/Frameworks/,
				);
				MACOSX_DEPLOYMENT_TARGET = 10.9;
				OTHER_CFLAGS = (
					"-pipe",
					"-O2",
					"-Wall",
					"-W",
					"-fPIC",
					"-DQT_DEPRECATED_WARNINGS",
					"-DQT_NO_DEBUG",
					"-DQT_WIDGETS_LIB",
					"-DQT_GUI_LIB",
					"-DQT_CORE_LIB",
				);
				OTHER_CPLUSPLUSFLAGS = (
					"-pipe",
					"-stdlib=libc++",
					"-O2",
					"-std=gnu++11",
					"-Wall",
					"-W",
					"-fPIC",
					"-DQT_DEPRECATED_WARNINGS",
					"-DQT_NO_DEBUG",
					"-DQT_WIDGETS_LIB",
					"-DQT_GUI_LIB",
					"-DQT_CORE_LIB",
				);
				OTHER_LDFLAGS = (
					"-headerpad_max_install_names",
					"-stdlib=libc++",
					"-Wl,-rpath,/Users/aacosta/Documents/Qt/5.8/clang_64/lib",
					"-F/Users/aacosta/Documents/Qt/5.8/clang_64/lib",
					"-F/Users/aacosta/Documents/seniordesign/sd-2017-asl-keyword-to-sentence/displayWords/displayWords/../../",
				);
				PRODUCT_NAME = displayWords;
				QT_LIBRARY_SUFFIX = _debug;
				SDKROOT = macosx;
				SYMROOT = "/Users/aacosta/Documents/seniordesign/sd-2017-asl-keyword-to-sentence/displayWords/displayWords/";
			};
			name = Debug;
		};
		6666AA5E688052234F6758D8 /* Release */ = {
			isa = XCBuildConfiguration;
			buildSettings = {
				COPY_PHASE_STRIP = YES;
				DEVELOPMENT_TEAM = TA6EQ6GQYY;
				ENABLE_BITCODE = NO;
				GCC_GENERATE_DEBUGGING_SYMBOLS = NO;
				LIBRARY_SEARCH_PATHS = (
					"/Users/aacosta/Documents/seniordesign/sd-2017-asl-keyword-to-sentence/",
					/Users/aacosta/Documents/Qt/5.8/clang_64/lib,
					/System/Library/Frameworks/,
					"/Users/aacosta/Documents/seniordesign/sd-2017-asl-keyword-to-sentence/grt-master/build/tmp",
				);
				PRODUCT_NAME = displayWords;
				QT_LIBRARY_SUFFIX = "";
				SDKROOT = macosx;
			};
			name = Release;
		};
		77418F46922677BB04ED38DD /* Debug */ = {
			isa = XCBuildConfiguration;
			buildSettings = {
				COPY_PHASE_STRIP = NO;
				DEVELOPMENT_TEAM = TA6EQ6GQYY;
				ENABLE_BITCODE = NO;
				GCC_GENERATE_DEBUGGING_SYMBOLS = YES;
				GCC_OPTIMIZATION_LEVEL = 0;
				LIBRARY_SEARCH_PATHS = (
					"/Users/aacosta/Documents/seniordesign/sd-2017-asl-keyword-to-sentence/",
					/Users/aacosta/Documents/Qt/5.8/clang_64/lib,
					/System/Library/Frameworks/,
					"/Users/aacosta/Documents/seniordesign/sd-2017-asl-keyword-to-sentence/grt-master/build/tmp",
				);
				PRODUCT_NAME = displayWords;
				QT_LIBRARY_SUFFIX = _debug;
				SDKROOT = macosx;
			};
			name = Debug;
		};
/* End XCBuildConfiguration section */

/* Begin XCConfigurationList section */
		6CC3B5D2136C7CD6A5CF5A59 /* Build configuration list for PBXNativeTarget "displayWords" */ = {
			isa = XCConfigurationList;
			buildConfigurations = (
				77418F46922677BB04ED38DD /* Debug */,
				6666AA5E688052234F6758D8 /* Release */,
			);
			defaultConfigurationIsVisible = 0;
			defaultConfigurationName = Release;
		};
		DAC4C1AA5EDEA1C85E9CA5E6 /* Build configuration list for PBXProject "displayWords" */ = {
			isa = XCConfigurationList;
			buildConfigurations = (
				3AA6C32AC930069E80220CF1 /* Debug */,
				339EE1B2CC4FC24589A0EA95 /* Release */,
			);
			defaultConfigurationIsVisible = 0;
			defaultConfigurationName = Release;
		};
/* End XCConfigurationList section */
	};
	rootObject = 6DB9C3763D02B1415CD9D565 /* Project object */;
}
