// !$*UTF8*$!
{
	archiveVersion = 1;
	classes = {
	};
	objectVersion = 46;
	objects = {

/* Begin PBXBuildFile section */
		A59CD57D1DD2767200250601 /* getraw.cpp in Sources */ = {isa = PBXBuildFile; fileRef = A59CD57C1DD2767200250601 /* getraw.cpp */; };
		A59CD5801DD276E600250601 /* myo.framework in Frameworks */ = {isa = PBXBuildFile; fileRef = A59CD57F1DD276E600250601 /* myo.framework */; };
		A59CD5821DD28BC300250601 /* myo.framework in CopyFiles */ = {isa = PBXBuildFile; fileRef = A59CD57F1DD276E600250601 /* myo.framework */; };
		A59CD5841DD385A900250601 /* Carbon.framework in Frameworks */ = {isa = PBXBuildFile; fileRef = A59CD5831DD385A900250601 /* Carbon.framework */; };
		A59CD5861DD38D1500250601 /* libncurses.5.4.tbd in Frameworks */ = {isa = PBXBuildFile; fileRef = A59CD5851DD38D1500250601 /* libncurses.5.4.tbd */; };
/* End PBXBuildFile section */

/* Begin PBXCopyFilesBuildPhase section */
		A56FB2F21DD227B00032C3AB /* CopyFiles */ = {
			isa = PBXCopyFilesBuildPhase;
			buildActionMask = 12;
			dstPath = "";
			dstSubfolderSpec = 16;
			files = (
				A59CD5821DD28BC300250601 /* myo.framework in CopyFiles */,
			);
			runOnlyForDeploymentPostprocessing = 0;
		};
/* End PBXCopyFilesBuildPhase section */

/* Begin PBXFileReference section */
		A56FB2F41DD227B00032C3AB /* sdproject */ = {isa = PBXFileReference; explicitFileType = "compiled.mach-o.executable"; includeInIndex = 0; path = sdproject; sourceTree = BUILT_PRODUCTS_DIR; };
		A59CD57C1DD2767200250601 /* getraw.cpp */ = {isa = PBXFileReference; fileEncoding = 4; lastKnownFileType = sourcecode.cpp.cpp; path = getraw.cpp; sourceTree = "<group>"; };
		A59CD57F1DD276E600250601 /* myo.framework */ = {isa = PBXFileReference; lastKnownFileType = wrapper.framework; name = myo.framework; path = ../myo.framework; sourceTree = SOURCE_ROOT; };
		A59CD5831DD385A900250601 /* Carbon.framework */ = {isa = PBXFileReference; lastKnownFileType = wrapper.framework; name = Carbon.framework; path = System/Library/Frameworks/Carbon.framework; sourceTree = SDKROOT; };
		A59CD5851DD38D1500250601 /* libncurses.5.4.tbd */ = {isa = PBXFileReference; lastKnownFileType = "sourcecode.text-based-dylib-definition"; name = libncurses.5.4.tbd; path = usr/lib/libncurses.5.4.tbd; sourceTree = SDKROOT; };
/* End PBXFileReference section */

/* Begin PBXFrameworksBuildPhase section */
		A56FB2F11DD227B00032C3AB /* Frameworks */ = {
			isa = PBXFrameworksBuildPhase;
			buildActionMask = 2147483647;
			files = (
				A59CD5861DD38D1500250601 /* libncurses.5.4.tbd in Frameworks */,
				A59CD5841DD385A900250601 /* Carbon.framework in Frameworks */,
				A59CD5801DD276E600250601 /* myo.framework in Frameworks */,
			);
			runOnlyForDeploymentPostprocessing = 0;
		};
/* End PBXFrameworksBuildPhase section */

/* Begin PBXGroup section */
		A56FB2EB1DD227B00032C3AB = {
			isa = PBXGroup;
			children = (
				A56FB2F51DD227B00032C3AB /* Products */,
				A59CD57C1DD2767200250601 /* getraw.cpp */,
				A59CD57E1DD276E500250601 /* Frameworks */,
			);
			sourceTree = "<group>";
		};
		A56FB2F51DD227B00032C3AB /* Products */ = {
			isa = PBXGroup;
			children = (
				A56FB2F41DD227B00032C3AB /* sdproject */,
			);
			name = Products;
			sourceTree = "<group>";
		};
		A59CD57E1DD276E500250601 /* Frameworks */ = {
			isa = PBXGroup;
			children = (
				A59CD5851DD38D1500250601 /* libncurses.5.4.tbd */,
				A59CD5831DD385A900250601 /* Carbon.framework */,
				A59CD57F1DD276E600250601 /* myo.framework */,
			);
			name = Frameworks;
			sourceTree = "<group>";
		};
/* End PBXGroup section */

/* Begin PBXNativeTarget section */
		A56FB2F31DD227B00032C3AB /* sdproject */ = {
			isa = PBXNativeTarget;
			buildConfigurationList = A56FB2FB1DD227B00032C3AB /* Build configuration list for PBXNativeTarget "sdproject" */;
			buildPhases = (
				A56FB2F01DD227B00032C3AB /* Sources */,
				A56FB2F11DD227B00032C3AB /* Frameworks */,
				A56FB2F21DD227B00032C3AB /* CopyFiles */,
			);
			buildRules = (
			);
			dependencies = (
			);
			name = sdproject;
			productName = sdproject;
			productReference = A56FB2F41DD227B00032C3AB /* sdproject */;
			productType = "com.apple.product-type.tool";
		};
/* End PBXNativeTarget section */

/* Begin PBXProject section */
		A56FB2EC1DD227B00032C3AB /* Project object */ = {
			isa = PBXProject;
			attributes = {
				LastUpgradeCheck = 0800;
				ORGANIZATIONNAME = "Andy Acosta";
				TargetAttributes = {
					A56FB2F31DD227B00032C3AB = {
						CreatedOnToolsVersion = 8.0;
						ProvisioningStyle = Automatic;
					};
				};
			};
			buildConfigurationList = A56FB2EF1DD227B00032C3AB /* Build configuration list for PBXProject "sdproject" */;
			compatibilityVersion = "Xcode 3.2";
			developmentRegion = English;
			hasScannedForEncodings = 0;
			knownRegions = (
				en,
			);
			mainGroup = A56FB2EB1DD227B00032C3AB;
			productRefGroup = A56FB2F51DD227B00032C3AB /* Products */;
			projectDirPath = "";
			projectRoot = "";
			targets = (
				A56FB2F31DD227B00032C3AB /* sdproject */,
			);
		};
/* End PBXProject section */

/* Begin PBXSourcesBuildPhase section */
		A56FB2F01DD227B00032C3AB /* Sources */ = {
			isa = PBXSourcesBuildPhase;
			buildActionMask = 2147483647;
			files = (
				A59CD57D1DD2767200250601 /* getraw.cpp in Sources */,
			);
			runOnlyForDeploymentPostprocessing = 0;
		};
/* End PBXSourcesBuildPhase section */

/* Begin XCBuildConfiguration section */
		A56FB2F91DD227B00032C3AB /* Debug */ = {
			isa = XCBuildConfiguration;
			buildSettings = {
				ALWAYS_SEARCH_USER_PATHS = NO;
				CLANG_ANALYZER_NONNULL = YES;
				CLANG_CXX_LANGUAGE_STANDARD = "gnu++0x";
				CLANG_CXX_LIBRARY = "libc++";
				CLANG_ENABLE_MODULES = YES;
				CLANG_ENABLE_OBJC_ARC = YES;
				CLANG_WARN_BOOL_CONVERSION = YES;
				CLANG_WARN_CONSTANT_CONVERSION = YES;
				CLANG_WARN_DIRECT_OBJC_ISA_USAGE = YES_ERROR;
				CLANG_WARN_DOCUMENTATION_COMMENTS = YES;
				CLANG_WARN_EMPTY_BODY = YES;
				CLANG_WARN_ENUM_CONVERSION = YES;
				CLANG_WARN_INFINITE_RECURSION = YES;
				CLANG_WARN_INT_CONVERSION = YES;
				CLANG_WARN_OBJC_ROOT_CLASS = YES_ERROR;
				CLANG_WARN_SUSPICIOUS_MOVES = YES;
				CLANG_WARN_UNREACHABLE_CODE = YES;
				CLANG_WARN__DUPLICATE_METHOD_MATCH = YES;
				CODE_SIGN_IDENTITY = "-";
				COPY_PHASE_STRIP = NO;
				DEBUG_INFORMATION_FORMAT = dwarf;
				ENABLE_STRICT_OBJC_MSGSEND = YES;
				ENABLE_TESTABILITY = YES;
				GCC_C_LANGUAGE_STANDARD = gnu99;
				GCC_DYNAMIC_NO_PIC = NO;
				GCC_NO_COMMON_BLOCKS = YES;
				GCC_OPTIMIZATION_LEVEL = 0;
				GCC_PREPROCESSOR_DEFINITIONS = (
					"DEBUG=1",
					"$(inherited)",
				);
				GCC_WARN_64_TO_32_BIT_CONVERSION = YES;
				GCC_WARN_ABOUT_RETURN_TYPE = YES_ERROR;
				GCC_WARN_UNDECLARED_SELECTOR = YES;
				GCC_WARN_UNINITIALIZED_AUTOS = YES_AGGRESSIVE;
				GCC_WARN_UNUSED_FUNCTION = YES;
				GCC_WARN_UNUSED_VARIABLE = YES;
				MACOSX_DEPLOYMENT_TARGET = 10.11;
				MTL_ENABLE_DEBUG_INFO = YES;
				ONLY_ACTIVE_ARCH = YES;
				SDKROOT = macosx;
			};
			name = Debug;
		};
		A56FB2FA1DD227B00032C3AB /* Release */ = {
			isa = XCBuildConfiguration;
			buildSettings = {
				ALWAYS_SEARCH_USER_PATHS = NO;
				CLANG_ANALYZER_NONNULL = YES;
				CLANG_CXX_LANGUAGE_STANDARD = "gnu++0x";
				CLANG_CXX_LIBRARY = "libc++";
				CLANG_ENABLE_MODULES = YES;
				CLANG_ENABLE_OBJC_ARC = YES;
				CLANG_WARN_BOOL_CONVERSION = YES;
				CLANG_WARN_CONSTANT_CONVERSION = YES;
				CLANG_WARN_DIRECT_OBJC_ISA_USAGE = YES_ERROR;
				CLANG_WARN_DOCUMENTATION_COMMENTS = YES;
				CLANG_WARN_EMPTY_BODY = YES;
				CLANG_WARN_ENUM_CONVERSION = YES;
				CLANG_WARN_INFINITE_RECURSION = YES;
				CLANG_WARN_INT_CONVERSION = YES;
				CLANG_WARN_OBJC_ROOT_CLASS = YES_ERROR;
				CLANG_WARN_SUSPICIOUS_MOVES = YES;
				CLANG_WARN_UNREACHABLE_CODE = YES;
				CLANG_WARN__DUPLICATE_METHOD_MATCH = YES;
				CODE_SIGN_IDENTITY = "-";
				COPY_PHASE_STRIP = NO;
				DEBUG_INFORMATION_FORMAT = "dwarf-with-dsym";
				ENABLE_NS_ASSERTIONS = NO;
				ENABLE_STRICT_OBJC_MSGSEND = YES;
				GCC_C_LANGUAGE_STANDARD = gnu99;
				GCC_NO_COMMON_BLOCKS = YES;
				GCC_WARN_64_TO_32_BIT_CONVERSION = YES;
				GCC_WARN_ABOUT_RETURN_TYPE = YES_ERROR;
				GCC_WARN_UNDECLARED_SELECTOR = YES;
				GCC_WARN_UNINITIALIZED_AUTOS = YES_AGGRESSIVE;
				GCC_WARN_UNUSED_FUNCTION = YES;
				GCC_WARN_UNUSED_VARIABLE = YES;
				MACOSX_DEPLOYMENT_TARGET = 10.11;
				MTL_ENABLE_DEBUG_INFO = NO;
				SDKROOT = macosx;
			};
			name = Release;
		};
		A56FB2FC1DD227B00032C3AB /* Debug */ = {
			isa = XCBuildConfiguration;
			buildSettings = {
				CODE_SIGN_IDENTITY = "";
				ENABLE_STRICT_OBJC_MSGSEND = NO;
				FRAMEWORK_SEARCH_PATHS = (
					"$(inherited)",
					$SOURCE_ROOT/../,
				);
				LD_RUNPATH_SEARCH_PATHS = "@loader_path";
				PRODUCT_NAME = "$(TARGET_NAME)";
			};
			name = Debug;
		};
		A56FB2FD1DD227B00032C3AB /* Release */ = {
			isa = XCBuildConfiguration;
			buildSettings = {
				CODE_SIGN_IDENTITY = "";
				ENABLE_STRICT_OBJC_MSGSEND = NO;
				FRAMEWORK_SEARCH_PATHS = (
					"$(inherited)",
					$SOURCE_ROOT/../,
				);
				LD_RUNPATH_SEARCH_PATHS = "@loader_path";
				PRODUCT_NAME = "$(TARGET_NAME)";
			};
			name = Release;
		};
/* End XCBuildConfiguration section */

/* Begin XCConfigurationList section */
		A56FB2EF1DD227B00032C3AB /* Build configuration list for PBXProject "sdproject" */ = {
			isa = XCConfigurationList;
			buildConfigurations = (
				A56FB2F91DD227B00032C3AB /* Debug */,
				A56FB2FA1DD227B00032C3AB /* Release */,
			);
			defaultConfigurationIsVisible = 0;
			defaultConfigurationName = Release;
		};
		A56FB2FB1DD227B00032C3AB /* Build configuration list for PBXNativeTarget "sdproject" */ = {
			isa = XCConfigurationList;
			buildConfigurations = (
				A56FB2FC1DD227B00032C3AB /* Debug */,
				A56FB2FD1DD227B00032C3AB /* Release */,
			);
			defaultConfigurationIsVisible = 0;
			defaultConfigurationName = Release;
		};
/* End XCConfigurationList section */
	};
	rootObject = A56FB2EC1DD227B00032C3AB /* Project object */;
}
